
Microsoft Visual Studio Solution File, Format Version 12.00
# Visual Studio Version 17
VisualStudioVersion = 17.9.34701.34
MinimumVisualStudioVersion = 10.0.40219.1
Project("{9A19103F-16F7-4668-BE54-9A1E7A4F7556}") = "POS1", "POS1\POS1.csproj", "{63749731-8506-441A-AF01-79F799895175}"
EndProject
Global
	GlobalSection(SolutionConfigurationPlatforms) = preSolution
		Debug|Any CPU = Debug|Any CPU
		Release|Any CPU = Release|Any CPU
	EndGlobalSection
	GlobalSection(ProjectConfigurationPlatforms) = postSolution
		{63749731-8506-441A-AF01-79F799895175}.Debug|Any CPU.ActiveCfg = Debug|Any CPU
		{63749731-8506-441A-AF01-79F799895175}.Debug|Any CPU.Build.0 = Debug|Any CPU
		{63749731-8506-441A-AF01-79F799895175}.Release|Any CPU.ActiveCfg = Release|Any CPU
		{63749731-8506-441A-AF01-79F799895175}.Release|Any CPU.Build.0 = Release|Any CPU
	EndGlobalSection
	GlobalSection(SolutionProperties) = preSolution
		HideSolutionNode = FALSE
	EndGlobalSection
	GlobalSection(ExtensibilityGlobals) = postSolution
		SolutionGuid = {07760DC0-B54D-44E7-8A7E-C598ACE60E88}
	EndGlobalSection
EndGlobal
